
Microsoft Visual Studio Solution File, Format Version 12.00
Project("{FAE04EC0-301F-11D3-BF4B-00C04F79EFBC}") = "CacheLibrary", "CacheLibrary\CacheLibrary.csproj", "{B61E68D6-AF8A-4AE1-BE7B-F0B9663C164A}"
EndProject
Project("{FAE04EC0-301F-11D3-BF4B-00C04F79EFBC}") = "Example", "Example\Example.csproj", "{8E51127A-1392-4DF2-9A63-E623F02B705D}"
EndProject
Global
	GlobalSection(SolutionConfigurationPlatforms) = preSolution
		Debug|Any CPU = Debug|Any CPU
		Release|Any CPU = Release|Any CPU
	EndGlobalSection
	GlobalSection(ProjectConfigurationPlatforms) = postSolution
		{B61E68D6-AF8A-4AE1-BE7B-F0B9663C164A}.Debug|Any CPU.ActiveCfg = Debug|Any CPU
		{B61E68D6-AF8A-4AE1-BE7B-F0B9663C164A}.Debug|Any CPU.Build.0 = Debug|Any CPU
		{B61E68D6-AF8A-4AE1-BE7B-F0B9663C164A}.Release|Any CPU.ActiveCfg = Release|Any CPU
		{B61E68D6-AF8A-4AE1-BE7B-F0B9663C164A}.Release|Any CPU.Build.0 = Release|Any CPU
		{8E51127A-1392-4DF2-9A63-E623F02B705D}.Debug|Any CPU.ActiveCfg = Debug|Any CPU
		{8E51127A-1392-4DF2-9A63-E623F02B705D}.Debug|Any CPU.Build.0 = Debug|Any CPU
		{8E51127A-1392-4DF2-9A63-E623F02B705D}.Release|Any CPU.ActiveCfg = Release|Any CPU
		{8E51127A-1392-4DF2-9A63-E623F02B705D}.Release|Any CPU.Build.0 = Release|Any CPU
	EndGlobalSection
EndGlobal
